
Microsoft Visual Studio Solution File, Format Version 12.00
# Visual Studio 15
VisualStudioVersion = 15.0.28307.329
MinimumVisualStudioVersion = 10.0.40219.1
Project("{FAE04EC0-301F-11D3-BF4B-00C04F79EFBC}") = "Tp2_CinemaManager", "Tp2\Tp2_CinemaManager.csproj", "{6C332849-C5B7-41E7-BB7E-0CAFACEDF6AD}"
EndProject
Global
	GlobalSection(SolutionConfigurationPlatforms) = preSolution
		Debug|Any CPU = Debug|Any CPU
		Release|Any CPU = Release|Any CPU
	EndGlobalSection
	GlobalSection(ProjectConfigurationPlatforms) = postSolution
		{6C332849-C5B7-41E7-BB7E-0CAFACEDF6AD}.Debug|Any CPU.ActiveCfg = Debug|Any CPU
		{6C332849-C5B7-41E7-BB7E-0CAFACEDF6AD}.Debug|Any CPU.Build.0 = Debug|Any CPU
		{6C332849-C5B7-41E7-BB7E-0CAFACEDF6AD}.Release|Any CPU.ActiveCfg = Release|Any CPU
		{6C332849-C5B7-41E7-BB7E-0CAFACEDF6AD}.Release|Any CPU.Build.0 = Release|Any CPU
	EndGlobalSection
	GlobalSection(SolutionProperties) = preSolution
		HideSolutionNode = FALSE
	EndGlobalSection
	GlobalSection(ExtensibilityGlobals) = postSolution
		SolutionGuid = {EE1C133B-36F6-4372-BA09-C08880BC6FC8}
	EndGlobalSection
EndGlobal
